Microsoft Visual Studio Solution File, Format Version 12.00
# Visual Studio Version 17
VisualStudioVersion = 17.5.2.0
MinimumVisualStudioVersion = 10.0.40219.1
Project("{FAE04EC0-301F-11D3-BF4B-00C04F79EFBC}") = "GestionnaireTachesApi", "GestionnaireTachesApi\GestionnaireTachesApi.csproj", "{DBE26577-DE5A-41C8-2B5A-8E15550222EA}"
EndProject
Global
	GlobalSection(SolutionConfigurationPlatforms) = preSolution
		Debug|Any CPU = Debug|Any CPU
		Release|Any CPU = Release|Any CPU
	EndGlobalSection
	GlobalSection(ProjectConfigurationPlatforms) = postSolution
		{DBE26577-DE5A-41C8-2B5A-8E15550222EA}.Debug|Any CPU.ActiveCfg = Debug|Any CPU
		{DBE26577-DE5A-41C8-2B5A-8E15550222EA}.Debug|Any CPU.Build.0 = Debug|Any CPU
		{DBE26577-DE5A-41C8-2B5A-8E15550222EA}.Release|Any CPU.ActiveCfg = Release|Any CPU
		{DBE26577-DE5A-41C8-2B5A-8E15550222EA}.Release|Any CPU.Build.0 = Release|Any CPU
	EndGlobalSection
	GlobalSection(SolutionProperties) = preSolution
		HideSolutionNode = FALSE
	EndGlobalSection
	GlobalSection(ExtensibilityGlobals) = postSolution
		SolutionGuid = {976627C0-215E-4049-B108-750B57F6038D}
	EndGlobalSection
EndGlobal
